PODS:
  - Charts (3.2.2):
    - Charts/Core (= 3.2.2)
  - Charts/Core (3.2.2)

DEPENDENCIES:
  - Charts (= 3.2.2)

SPEC REPOS:
  https://github.com/cocoapods/specs.git:
    - Charts

SPEC CHECKSUMS:
  Charts: f69cf0518b6d1d62608ca504248f1bbe0b6ae77e

PODFILE CHECKSUM: 349751c3a364e2d9911fb9555d747b036c348de5

COCOAPODS: 1.6.1
